
Microsoft Visual Studio Solution File, Format Version 12.00
# Visual Studio 14
VisualStudioVersion = 14.0.23107.0
MinimumVisualStudioVersion = 10.0.40219.1
Project("{FAE04EC0-301F-11D3-BF4B-00C04F79EFBC}") = "VierGewinnt", "VierGewinnt\VierGewinnt.csproj", "{C0B8B112-FFA7-4868-B365-0E5901D8702E}"
EndProject
Global
	GlobalSection(SolutionConfigurationPlatforms) = preSolution
		Debug|Any CPU = Debug|Any CPU
		Release|Any CPU = Release|Any CPU
	EndGlobalSection
	GlobalSection(ProjectConfigurationPlatforms) = postSolution
		{C0B8B112-FFA7-4868-B365-0E5901D8702E}.Debug|Any CPU.ActiveCfg = Debug|Any CPU
		{C0B8B112-FFA7-4868-B365-0E5901D8702E}.Debug|Any CPU.Build.0 = Debug|Any CPU
		{C0B8B112-FFA7-4868-B365-0E5901D8702E}.Release|Any CPU.ActiveCfg = Release|Any CPU
		{C0B8B112-FFA7-4868-B365-0E5901D8702E}.Release|Any CPU.Build.0 = Release|Any CPU
	EndGlobalSection
	GlobalSection(SolutionProperties) = preSolution
		HideSolutionNode = FALSE
	EndGlobalSection
EndGlobal
